// !$*UTF8*$!
{
	archiveVersion = 1;
	classes = {
	};
	objectVersion = 50;
	objects = {

/* Begin PBXBuildFile section */
		1FB9DA8125295AA800970DE3 /* AppDelegate.swift in Sources */ = {isa = PBXBuildFile; fileRef = 1FB9DA8025295AA800970DE3 /* AppDelegate.swift */; };
		1FB9DA8325295AA800970DE3 /* SceneDelegate.swift in Sources */ = {isa = PBXBuildFile; fileRef = 1FB9DA8225295AA800970DE3 /* SceneDelegate.swift */; };
		1FB9DA8525295AA800970DE3 /* ViewController.swift in Sources */ = {isa = PBXBuildFile; fileRef = 1FB9DA8425295AA800970DE3 /* ViewController.swift */; };
		1FB9DA8825295AA800970DE3 /* Main.storyboard in Resources */ = {isa = PBXBuildFile; fileRef = 1FB9DA8625295AA800970DE3 /* Main.storyboard */; };
		1FB9DA8A25295AAB00970DE3 /* Assets.xcassets in Resources */ = {isa = PBXBuildFile; fileRef = 1FB9DA8925295AAB00970DE3 /* Assets.xcassets */; };
		1FB9DA8D25295AAB00970DE3 /* LaunchScreen.storyboard in Resources */ = {isa = PBXBuildFile; fileRef = 1FB9DA8B25295AAB00970DE3 /* LaunchScreen.storyboard */; };
		1FB9DA9825295AAB00970DE3 /* TipTests.swift in Sources */ = {isa = PBXBuildFile; fileRef = 1FB9DA9725295AAB00970DE3 /* TipTests.swift */; };
		1FB9DAA325295AAB00970DE3 /* TipUITests.swift in Sources */ = {isa = PBXBuildFile; fileRef = 1FB9DAA225295AAB00970DE3 /* TipUITests.swift */; };
/* End PBXBuildFile section */

/* Begin PBXContainerItemProxy section */
		1FB9DA9425295AAB00970DE3 /* PBXContainerItemProxy */ = {
			isa = PBXContainerItemProxy;
			containerPortal = 1FB9DA7525295AA800970DE3 /* Project object */;
			proxyType = 1;
			remoteGlobalIDString = 1FB9DA7C25295AA800970DE3;
			remoteInfo = Tip;
		};
		1FB9DA9F25295AAB00970DE3 /* PBXContainerItemProxy */ = {
			isa = PBXContainerItemProxy;
			containerPortal = 1FB9DA7525295AA800970DE3 /* Project object */;
			proxyType = 1;
			remoteGlobalIDString = 1FB9DA7C25295AA800970DE3;
			remoteInfo = Tip;
		};
/* End PBXContainerItemProxy section */

/* Begin PBXFileReference section */
		1FB9DA7D25295AA800970DE3 /* Tip.app */ = {isa = PBXFileReference; explicitFileType = wrapper.application; includeInIndex = 0; path = Tip.app; sourceTree = BUILT_PRODUCTS_DIR; };
		1FB9DA8025295AA800970DE3 /* AppDelegate.swift */ = {isa = PBXFileReference; lastKnownFileType = sourcecode.swift; path = AppDelegate.swift; sourceTree = "<group>"; };
		1FB9DA8225295AA800970DE3 /* SceneDelegate.swift */ = {isa = PBXFileReference; lastKnownFileType = sourcecode.swift; path = SceneDelegate.swift; sourceTree = "<group>"; };
		1FB9DA8425295AA800970DE3 /* ViewController.swift */ = {isa = PBXFileReference; lastKnownFileType = sourcecode.swift; path = ViewController.swift; sourceTree = "<group>"; };
		1FB9DA8725295AA800970DE3 /* Base */ = {isa = PBXFileReference; lastKnownFileType = file.storyboard; name = Base; path = Base.lproj/Main.storyboard; sourceTree = "<group>"; };
		1FB9DA8925295AAB00970DE3 /* Assets.xcassets */ = {isa = PBXFileReference; lastKnownFileType = folder.assetcatalog; path = Assets.xcassets; sourceTree = "<group>"; };
		1FB9DA8C25295AAB00970DE3 /* Base */ = {isa = PBXFileReference; lastKnownFileType = file.storyboard; name = Base; path = Base.lproj/LaunchScreen.storyboard; sourceTree = "<group>"; };
		1FB9DA8E25295AAB00970DE3 /* Info.plist */ = {isa = PBXFileReference; lastKnownFileType = text.plist.xml; path = Info.plist; sourceTree = "<group>"; };
		1FB9DA9325295AAB00970DE3 /* TipTests.xctest */ = {isa = PBXFileReference; explicitFileType = wrapper.cfbundle; includeInIndex = 0; path = TipTests.xctest; sourceTree = BUILT_PRODUCTS_DIR; };
		1FB9DA9725295AAB00970DE3 /* TipTests.swift */ = {isa = PBXFileReference; lastKnownFileType = sourcecode.swift; path = TipTests.swift; sourceTree = "<group>"; };
		1FB9DA9925295AAB00970DE3 /* Info.plist */ = {isa = PBXFileReference; lastKnownFileType = text.plist.xml; path = Info.plist; sourceTree = "<group>"; };
		1FB9DA9E25295AAB00970DE3 /* TipUITests.xctest */ = {isa = PBXFileReference; explicitFileType = wrapper.cfbundle; includeInIndex = 0; path = TipUITests.xctest; sourceTree = BUILT_PRODUCTS_DIR; };
		1FB9DAA225295AAB00970DE3 /* TipUITests.swift */ = {isa = PBXFileReference; lastKnownFileType = sourcecode.swift; path = TipUITests.swift; sourceTree = "<group>"; };
		1FB9DAA425295AAB00970DE3 /* Info.plist */ = {isa = PBXFileReference; lastKnownFileType = text.plist.xml; path = Info.plist; sourceTree = "<group>"; };
/* End PBXFileReference section */

/* Begin PBXFrameworksBuildPhase section */
		1FB9DA7A25295AA800970DE3 /* Frameworks */ = {
			isa = PBXFrameworksBuildPhase;
			buildActionMask = 2147483647;
			files = (
			);
			runOnlyForDeploymentPostprocessing = 0;
		};
		1FB9DA9025295AAB00970DE3 /* Frameworks */ = {
			isa = PBXFrameworksBuildPhase;
			buildActionMask = 2147483647;
			files = (
			);
			runOnlyForDeploymentPostprocessing = 0;
		};
		1FB9DA9B25295AAB00970DE3 /* Frameworks */ = {
			isa = PBXFrameworksBuildPhase;
			buildActionMask = 2147483647;
			files = (
			);
			runOnlyForDeploymentPostprocessing = 0;
		};
/* End PBXFrameworksBuildPhase section */

/* Begin PBXGroup section */
		1FB9DA7425295AA800970DE3 = {
			isa = PBXGroup;
			children = (
				1FB9DA7F25295AA800970DE3 /* Tip */,
				1FB9DA9625295AAB00970DE3 /* TipTests */,
				1FB9DAA125295AAB00970DE3 /* TipUITests */,
				1FB9DA7E25295AA800970DE3 /* Products */,
			);
			sourceTree = "<group>";
		};
		1FB9DA7E25295AA800970DE3 /* Products */ = {
			isa = PBXGroup;
			children = (
				1FB9DA7D25295AA800970DE3 /* Tip.app */,
				1FB9DA9325295AAB00970DE3 /* TipTests.xctest */,
				1FB9DA9E25295AAB00970DE3 /* TipUITests.xctest */,
			);
			name = Products;
			sourceTree = "<group>";
		};
		1FB9DA7F25295AA800970DE3 /* Tip */ = {
			isa = PBXGroup;
			children = (
				1FB9DA8025295AA800970DE3 /* AppDelegate.swift */,
				1FB9DA8225295AA800970DE3 /* SceneDelegate.swift */,
				1FB9DA8425295AA800970DE3 /* ViewController.swift */,
				1FB9DA8625295AA800970DE3 /* Main.storyboard */,
				1FB9DA8925295AAB00970DE3 /* Assets.xcassets */,
				1FB9DA8B25295AAB00970DE3 /* LaunchScreen.storyboard */,
				1FB9DA8E25295AAB00970DE3 /* Info.plist */,
			);
			path = Tip;
			sourceTree = "<group>";
		};
		1FB9DA9625295AAB00970DE3 /* TipTests */ = {
			isa = PBXGroup;
			children = (
				1FB9DA9725295AAB00970DE3 /* TipTests.swift */,
				1FB9DA9925295AAB00970DE3 /* Info.plist */,
			);
			path = TipTests;
			sourceTree = "<group>";
		};
		1FB9DAA125295AAB00970DE3 /* TipUITests */ = {
			isa = PBXGroup;
			children = (
				1FB9DAA225295AAB00970DE3 /* TipUITests.swift */,
				1FB9DAA425295AAB00970DE3 /* Info.plist */,
			);
			path = TipUITests;
			sourceTree = "<group>";
		};
/* End PBXGroup section */

/* Begin PBXNativeTarget section */
		1FB9DA7C25295AA800970DE3 /* Tip */ = {
			isa = PBXNativeTarget;
			buildConfigurationList = 1FB9DAA725295AAB00970DE3 /* Build configuration list for PBXNativeTarget "Tip" */;
			buildPhases = (
				1FB9DA7925295AA800970DE3 /* Sources */,
				1FB9DA7A25295AA800970DE3 /* Frameworks */,
				1FB9DA7B25295AA800970DE3 /* Resources */,
			);
			buildRules = (
			);
			dependencies = (
			);
			name = Tip;
			productName = Tip;
			productReference = 1FB9DA7D25295AA800970DE3 /* Tip.app */;
			productType = "com.apple.product-type.application";
		};
		1FB9DA9225295AAB00970DE3 /* TipTests */ = {
			isa = PBXNativeTarget;
			buildConfigurationList = 1FB9DAAA25295AAB00970DE3 /* Build configuration list for PBXNativeTarget "TipTests" */;
			buildPhases = (
				1FB9DA8F25295AAB00970DE3 /* Sources */,
				1FB9DA9025295AAB00970DE3 /* Frameworks */,
				1FB9DA9125295AAB00970DE3 /* Resources */,
			);
			buildRules = (
			);
			dependencies = (
				1FB9DA9525295AAB00970DE3 /* PBXTargetDependency */,
			);
			name = TipTests;
			productName = TipTests;
			productReference = 1FB9DA9325295AAB00970DE3 /* TipTests.xctest */;
			productType = "com.apple.product-type.bundle.unit-test";
		};
		1FB9DA9D25295AAB00970DE3 /* TipUITests */ = {
			isa = PBXNativeTarget;
			buildConfigurationList = 1FB9DAAD25295AAB00970DE3 /* Build configuration list for PBXNativeTarget "TipUITests" */;
			buildPhases = (
				1FB9DA9A25295AAB00970DE3 /* Sources */,
				1FB9DA9B25295AAB00970DE3 /* Frameworks */,
				1FB9DA9C25295AAB00970DE3 /* Resources */,
			);
			buildRules = (
			);
			dependencies = (
				1FB9DAA025295AAB00970DE3 /* PBXTargetDependency */,
			);
			name = TipUITests;
			productName = TipUITests;
			productReference = 1FB9DA9E25295AAB00970DE3 /* TipUITests.xctest */;
			productType = "com.apple.product-type.bundle.ui-testing";
		};
/* End PBXNativeTarget section */

/* Begin PBXProject section */
		1FB9DA7525295AA800970DE3 /* Project object */ = {
			isa = PBXProject;
			attributes = {
				LastSwiftUpdateCheck = 1130;
				LastUpgradeCheck = 1130;
				ORGANIZATIONNAME = Codepath;
				TargetAttributes = {
					1FB9DA7C25295AA800970DE3 = {
						CreatedOnToolsVersion = 11.3.1;
					};
					1FB9DA9225295AAB00970DE3 = {
						CreatedOnToolsVersion = 11.3.1;
						TestTargetID = 1FB9DA7C25295AA800970DE3;
					};
					1FB9DA9D25295AAB00970DE3 = {
						CreatedOnToolsVersion = 11.3.1;
						TestTargetID = 1FB9DA7C25295AA800970DE3;
					};
				};
			};
			buildConfigurationList = 1FB9DA7825295AA800970DE3 /* Build configuration list for PBXProject "Tip" */;
			compatibilityVersion = "Xcode 9.3";
			developmentRegion = en;
			hasScannedForEncodings = 0;
			knownRegions = (
				en,
				Base,
			);
			mainGroup = 1FB9DA7425295AA800970DE3;
			productRefGroup = 1FB9DA7E25295AA800970DE3 /* Products */;
			projectDirPath = "";
			projectRoot = "";
			targets = (
				1FB9DA7C25295AA800970DE3 /* Tip */,
				1FB9DA9225295AAB00970DE3 /* TipTests */,
				1FB9DA9D25295AAB00970DE3 /* TipUITests */,
			);
		};
/* End PBXProject section */

/* Begin PBXResourcesBuildPhase section */
		1FB9DA7B25295AA800970DE3 /* Resources */ = {
			isa = PBXResourcesBuildPhase;
			buildActionMask = 2147483647;
			files = (
				1FB9DA8D25295AAB00970DE3 /* LaunchScreen.storyboard in Resources */,
				1FB9DA8A25295AAB00970DE3 /* Assets.xcassets in Resources */,
				1FB9DA8825295AA800970DE3 /* Main.storyboard in Resources */,
			);
			runOnlyForDeploymentPostprocessing = 0;
		};
		1FB9DA9125295AAB00970DE3 /* Resources */ = {
			isa = PBXResourcesBuildPhase;
			buildActionMask = 2147483647;
			files = (
			);
			runOnlyForDeploymentPostprocessing = 0;
		};
		1FB9DA9C25295AAB00970DE3 /* Resources */ = {
			isa = PBXResourcesBuildPhase;
			buildActionMask = 2147483647;
			files = (
			);
			runOnlyForDeploymentPostprocessing = 0;
		};
/* End PBXResourcesBuildPhase section */

/* Begin PBXSourcesBuildPhase section */
		1FB9DA7925295AA800970DE3 /* Sources */ = {
			isa = PBXSourcesBuildPhase;
			buildActionMask = 2147483647;
			files = (
				1FB9DA8525295AA800970DE3 /* ViewController.swift in Sources */,
				1FB9DA8125295AA800970DE3 /* AppDelegate.swift in Sources */,
				1FB9DA8325295AA800970DE3 /* SceneDelegate.swift in Sources */,
			);
			runOnlyForDeploymentPostprocessing = 0;
		};
		1FB9DA8F25295AAB00970DE3 /* Sources */ = {
			isa = PBXSourcesBuildPhase;
			buildActionMask = 2147483647;
			files = (
				1FB9DA9825295AAB00970DE3 /* TipTests.swift in Sources */,
			);
			runOnlyForDeploymentPostprocessing = 0;
		};
		1FB9DA9A25295AAB00970DE3 /* Sources */ = {
			isa = PBXSourcesBuildPhase;
			buildActionMask = 2147483647;
			files = (
				1FB9DAA325295AAB00970DE3 /* TipUITests.swift in Sources */,
			);
			runOnlyForDeploymentPostprocessing = 0;
		};
/* End PBXSourcesBuildPhase section */

/* Begin PBXTargetDependency section */
		1FB9DA9525295AAB00970DE3 /* PBXTargetDependency */ = {
			isa = PBXTargetDependency;
			target = 1FB9DA7C25295AA800970DE3 /* Tip */;
			targetProxy = 1FB9DA9425295AAB00970DE3 /* PBXContainerItemProxy */;
		};
		1FB9DAA025295AAB00970DE3 /* PBXTargetDependency */ = {
			isa = PBXTargetDependency;
			target = 1FB9DA7C25295AA800970DE3 /* Tip */;
			targetProxy = 1FB9DA9F25295AAB00970DE3 /* PBXContainerItemProxy */;
		};
/* End PBXTargetDependency section */

/* Begin PBXVariantGroup section */
		1FB9DA8625295AA800970DE3 /* Main.storyboard */ = {
			isa = PBXVariantGroup;
			children = (
				1FB9DA8725295AA800970DE3 /* Base */,
			);
			name = Main.storyboard;
			sourceTree = "<group>";
		};
		1FB9DA8B25295AAB00970DE3 /* LaunchScreen.storyboard */ = {
			isa = PBXVariantGroup;
			children = (
				1FB9DA8C25295AAB00970DE3 /* Base */,
			);
			name = LaunchScreen.storyboard;
			sourceTree = "<group>";
		};
/* End PBXVariantGroup section */

/* Begin XCBuildConfiguration section */
		1FB9DAA525295AAB00970DE3 /* Debug */ = {
			isa = XCBuildConfiguration;
			buildSettings = {
				ALWAYS_SEARCH_USER_PATHS = NO;
				CLANG_ANALYZER_NONNULL = YES;
				CLANG_ANALYZER_NUMBER_OBJECT_CONVERSION = YES_AGGRESSIVE;
				CLANG_CXX_LANGUAGE_STANDARD = "gnu++14";
				CLANG_CXX_LIBRARY = "libc++";
				CLANG_ENABLE_MODULES = YES;
				CLANG_ENABLE_OBJC_ARC = YES;
				CLANG_ENABLE_OBJC_WEAK = YES;
				CLANG_WARN_BLOCK_CAPTURE_AUTORELEASING = YES;
				CLANG_WARN_BOOL_CONVERSION = YES;
				CLANG_WARN_COMMA = YES;
				CLANG_WARN_CONSTANT_CONVERSION = YES;
				CLANG_WARN_DEPRECATED_OBJC_IMPLEMENTATIONS = YES;
				CLANG_WARN_DIRECT_OBJC_ISA_USAGE = YES_ERROR;
				CLANG_WARN_DOCUMENTATION_COMMENTS = YES;
				CLANG_WARN_EMPTY_BODY = YES;
				CLANG_WARN_ENUM_CONVERSION = YES;
				CLANG_WARN_INFINITE_RECURSION = YES;
				CLANG_WARN_INT_CONVERSION = YES;
				CLANG_WARN_NON_LITERAL_NULL_CONVERSION = YES;
				CLANG_WARN_OBJC_IMPLICIT_RETAIN_SELF = YES;
				CLANG_WARN_OBJC_LITERAL_CONVERSION = YES;
				CLANG_WARN_OBJC_ROOT_CLASS = YES_ERROR;
				CLANG_WARN_RANGE_LOOP_ANALYSIS = YES;
				CLANG_WARN_STRICT_PROTOTYPES = YES;
				CLANG_WARN_SUSPICIOUS_MOVE = YES;
				CLANG_WARN_UNGUARDED_AVAILABILITY = YES_AGGRESSIVE;
				CLANG_WARN_UNREACHABLE_CODE = YES;
				CLANG_WARN__DUPLICATE_METHOD_MATCH = YES;
				COPY_PHASE_STRIP = NO;
				DEBUG_INFORMATION_FORMAT = dwarf;
				ENABLE_STRICT_OBJC_MSGSEND = YES;
				ENABLE_TESTABILITY = YES;
				GCC_C_LANGUAGE_STANDARD = gnu11;
				GCC_DYNAMIC_NO_PIC = NO;
				GCC_NO_COMMON_BLOCKS = YES;
				GCC_OPTIMIZATION_LEVEL = 0;
				GCC_PREPROCESSOR_DEFINITIONS = (
					"DEBUG=1",
					"$(inherited)",
				);
				GCC_WARN_64_TO_32_BIT_CONVERSION = YES;
				GCC_WARN_ABOUT_RETURN_TYPE = YES_ERROR;
				GCC_WARN_UNDECLARED_SELECTOR = YES;
				GCC_WARN_UNINITIALIZED_AUTOS = YES_AGGRESSIVE;
				GCC_WARN_UNUSED_FUNCTION = YES;
				GCC_WARN_UNUSED_VARIABLE = YES;
				IPHONEOS_DEPLOYMENT_TARGET = 13.2;
				MTL_ENABLE_DEBUG_INFO = INCLUDE_SOURCE;
				MTL_FAST_MATH = YES;
				ONLY_ACTIVE_ARCH = YES;
				SDKROOT = iphoneos;
				SWIFT_ACTIVE_COMPILATION_CONDITIONS = DEBUG;
				SWIFT_OPTIMIZATION_LEVEL = "-Onone";
			};
			name = Debug;
		};
		1FB9DAA625295AAB00970DE3 /* Release */ = {
			isa = XCBuildConfiguration;
			buildSettings = {
				ALWAYS_SEARCH_USER_PATHS = NO;
				CLANG_ANALYZER_NONNULL = YES;
				CLANG_ANALYZER_NUMBER_OBJECT_CONVERSION = YES_AGGRESSIVE;
				CLANG_CXX_LANGUAGE_STANDARD = "gnu++14";
				CLANG_CXX_LIBRARY = "libc++";
				CLANG_ENABLE_MODULES = YES;
				CLANG_ENABLE_OBJC_ARC = YES;
				CLANG_ENABLE_OBJC_WEAK = YES;
				CLANG_WARN_BLOCK_CAPTURE_AUTORELEASING = YES;
				CLANG_WARN_BOOL_CONVERSION = YES;
				CLANG_WARN_COMMA = YES;
				CLANG_WARN_CONSTANT_CONVERSION = YES;
				CLANG_WARN_DEPRECATED_OBJC_IMPLEMENTATIONS = YES;
				CLANG_WARN_DIRECT_OBJC_ISA_USAGE = YES_ERROR;
				CLANG_WARN_DOCUMENTATION_COMMENTS = YES;
				CLANG_WARN_EMPTY_BODY = YES;
				CLANG_WARN_ENUM_CONVERSION = YES;
				CLANG_WARN_INFINITE_RECURSION = YES;
				CLANG_WARN_INT_CONVERSION = YES;
				CLANG_WARN_NON_LITERAL_NULL_CONVERSION = YES;
				CLANG_WARN_OBJC_IMPLICIT_RETAIN_SELF = YES;
				CLANG_WARN_OBJC_LITERAL_CONVERSION = YES;
				CLANG_WARN_OBJC_ROOT_CLASS = YES_ERROR;
				CLANG_WARN_RANGE_LOOP_ANALYSIS = YES;
				CLANG_WARN_STRICT_PROTOTYPES = YES;
				CLANG_WARN_SUSPICIOUS_MOVE = YES;
				CLANG_WARN_UNGUARDED_AVAILABILITY = YES_AGGRESSIVE;
				CLANG_WARN_UNREACHABLE_CODE = YES;
				CLANG_WARN__DUPLICATE_METHOD_MATCH = YES;
				COPY_PHASE_STRIP = NO;
				DEBUG_INFORMATION_FORMAT = "dwarf-with-dsym";
				ENABLE_NS_ASSERTIONS = NO;
				ENABLE_STRICT_OBJC_MSGSEND = YES;
				GCC_C_LANGUAGE_STANDARD = gnu11;
				GCC_NO_COMMON_BLOCKS = YES;
				GCC_WARN_64_TO_32_BIT_CONVERSION = YES;
				GCC_WARN_ABOUT_RETURN_TYPE = YES_ERROR;
				GCC_WARN_UNDECLARED_SELECTOR = YES;
				GCC_WARN_UNINITIALIZED_AUTOS = YES_AGGRESSIVE;
				GCC_WARN_UNUSED_FUNCTION = YES;
				GCC_WARN_UNUSED_VARIABLE = YES;
				IPHONEOS_DEPLOYMENT_TARGET = 13.2;
				MTL_ENABLE_DEBUG_INFO = NO;
				MTL_FAST_MATH = YES;
				SDKROOT = iphoneos;
				SWIFT_COMPILATION_MODE = wholemodule;
				SWIFT_OPTIMIZATION_LEVEL = "-O";
				VALIDATE_PRODUCT = YES;
			};
			name = Release;
		};
		1FB9DAA825295AAB00970DE3 /* Debug */ = {
			isa = XCBuildConfiguration;
			buildSettings = {
				ASSETCATALOG_COMPILER_APPICON_NAME = AppIcon;
				CODE_SIGN_STYLE = Automatic;
				INFOPLIST_FILE = Tip/Info.plist;
				LD_RUNPATH_SEARCH_PATHS = (
					"$(inherited)",
					"@executable_path/Frameworks",
				);
				PRODUCT_BUNDLE_IDENTIFIER = Codepath.Tip;
				PRODUCT_NAME = "$(TARGET_NAME)";
				SWIFT_VERSION = 5.0;
				TARGETED_DEVICE_FAMILY = "1,2";
			};
			name = Debug;
		};
		1FB9DAA925295AAB00970DE3 /* Release */ = {
			isa = XCBuildConfiguration;
			buildSettings = {
				ASSETCATALOG_COMPILER_APPICON_NAME = AppIcon;
				CODE_SIGN_STYLE = Automatic;
				INFOPLIST_FILE = Tip/Info.plist;
				LD_RUNPATH_SEARCH_PATHS = (
					"$(inherited)",
					"@executable_path/Frameworks",
				);
				PRODUCT_BUNDLE_IDENTIFIER = Codepath.Tip;
				PRODUCT_NAME = "$(TARGET_NAME)";
				SWIFT_VERSION = 5.0;
				TARGETED_DEVICE_FAMILY = "1,2";
			};
			name = Release;
		};
		1FB9DAAB25295AAB00970DE3 /* Debug */ = {
			isa = XCBuildConfiguration;
			buildSettings = {
				ALWAYS_EMBED_SWIFT_STANDARD_LIBRARIES = YES;
				BUNDLE_LOADER = "$(TEST_HOST)";
				CODE_SIGN_STYLE = Automatic;
				INFOPLIST_FILE = TipTests/Info.plist;
				IPHONEOS_DEPLOYMENT_TARGET = 13.2;
				LD_RUNPATH_SEARCH_PATHS = (
					"$(inherited)",
					"@executable_path/Frameworks",
					"@loader_path/Frameworks",
				);
				PRODUCT_BUNDLE_IDENTIFIER = Codepath.TipTests;
				PRODUCT_NAME = "$(TARGET_NAME)";
				SWIFT_VERSION = 5.0;
				TARGETED_DEVICE_FAMILY = "1,2";
				TEST_HOST = "$(BUILT_PRODUCTS_DIR)/Tip.app/Tip";
			};
			name = Debug;
		};
		1FB9DAAC25295AAB00970DE3 /* Release */ = {
			isa = XCBuildConfiguration;
			buildSettings = {
				ALWAYS_EMBED_SWIFT_STANDARD_LIBRARIES = YES;
				BUNDLE_LOADER = "$(TEST_HOST)";
				CODE_SIGN_STYLE = Automatic;
				INFOPLIST_FILE = TipTests/Info.plist;
				IPHONEOS_DEPLOYMENT_TARGET = 13.2;
				LD_RUNPATH_SEARCH_PATHS = (
					"$(inherited)",
					"@executable_path/Frameworks",
					"@loader_path/Frameworks",
				);
				PRODUCT_BUNDLE_IDENTIFIER = Codepath.TipTests;
				PRODUCT_NAME = "$(TARGET_NAME)";
				SWIFT_VERSION = 5.0;
				TARGETED_DEVICE_FAMILY = "1,2";
				TEST_HOST = "$(BUILT_PRODUCTS_DIR)/Tip.app/Tip";
			};
			name = Release;
		};
		1FB9DAAE25295AAB00970DE3 /* Debug */ = {
			isa = XCBuildConfiguration;
			buildSettings = {
				ALWAYS_EMBED_SWIFT_STANDARD_LIBRARIES = YES;
				CODE_SIGN_STYLE = Automatic;
				INFOPLIST_FILE = TipUITests/Info.plist;
				LD_RUNPATH_SEARCH_PATHS = (
					"$(inherited)",
					"@executable_path/Frameworks",
					"@loader_path/Frameworks",
				);
				PRODUCT_BUNDLE_IDENTIFIER = Codepath.TipUITests;
				PRODUCT_NAME = "$(TARGET_NAME)";
				SWIFT_VERSION = 5.0;
				TARGETED_DEVICE_FAMILY = "1,2";
				TEST_TARGET_NAME = Tip;
			};
			name = Debug;
		};
		1FB9DAAF25295AAB00970DE3 /* Release */ = {
			isa = XCBuildConfiguration;
			buildSettings = {
				ALWAYS_EMBED_SWIFT_STANDARD_LIBRARIES = YES;
				CODE_SIGN_STYLE = Automatic;
				INFOPLIST_FILE = TipUITests/Info.plist;
				LD_RUNPATH_SEARCH_PATHS = (
					"$(inherited)",
					"@executable_path/Frameworks",
					"@loader_path/Frameworks",
				);
				PRODUCT_BUNDLE_IDENTIFIER = Codepath.TipUITests;
				PRODUCT_NAME = "$(TARGET_NAME)";
				SWIFT_VERSION = 5.0;
				TARGETED_DEVICE_FAMILY = "1,2";
				TEST_TARGET_NAME = Tip;
			};
			name = Release;
		};
/* End XCBuildConfiguration section */

/* Begin XCConfigurationList section */
		1FB9DA7825295AA800970DE3 /* Build configuration list for PBXProject "Tip" */ = {
			isa = XCConfigurationList;
			buildConfigurations = (
				1FB9DAA525295AAB00970DE3 /* Debug */,
				1FB9DAA625295AAB00970DE3 /* Release */,
			);
			defaultConfigurationIsVisible = 0;
			defaultConfigurationName = Release;
		};
		1FB9DAA725295AAB00970DE3 /* Build configuration list for PBXNativeTarget "Tip" */ = {
			isa = XCConfigurationList;
			buildConfigurations = (
				1FB9DAA825295AAB00970DE3 /* Debug */,
				1FB9DAA925295AAB00970DE3 /* Release */,
			);
			defaultConfigurationIsVisible = 0;
			defaultConfigurationName = Release;
		};
		1FB9DAAA25295AAB00970DE3 /* Build configuration list for PBXNativeTarget "TipTests" */ = {
			isa = XCConfigurationList;
			buildConfigurations = (
				1FB9DAAB25295AAB00970DE3 /* Debug */,
				1FB9DAAC25295AAB00970DE3 /* Release */,
			);
			defaultConfigurationIsVisible = 0;
			defaultConfigurationName = Release;
		};
		1FB9DAAD25295AAB00970DE3 /* Build configuration list for PBXNativeTarget "TipUITests" */ = {
			isa = XCConfigurationList;
			buildConfigurations = (
				1FB9DAAE25295AAB00970DE3 /* Debug */,
				1FB9DAAF25295AAB00970DE3 /* Release */,
			);
			defaultConfigurationIsVisible = 0;
			defaultConfigurationName = Release;
		};
/* End XCConfigurationList section */
	};
	rootObject = 1FB9DA7525295AA800970DE3 /* Project object */;
}
